// !$*UTF8*$!
{
	archiveVersion = 1;
	classes = {
	};
	objectVersion = 46;
	objects = {

/* Begin PBXBuildFile section */
		1D3623260D0F684500981E51 /* YPasswordAppDelegate.m in Sources */ = {isa = PBXBuildFile; fileRef = 1D3623250D0F684500981E51 /* YPasswordAppDelegate.m */; };
		1D60589B0D05DD56006BFB54 /* main.m in Sources */ = {isa = PBXBuildFile; fileRef = 29B97316FDCFA39411CA2CEA /* main.m */; };
		1D60589F0D05DD5A006BFB54 /* Foundation.framework in Frameworks */ = {isa = PBXBuildFile; fileRef = 1D30AB110D05D00D00671497 /* Foundation.framework */; };
		1DF5F4E00D08C38300B7A737 /* UIKit.framework in Frameworks */ = {isa = PBXBuildFile; fileRef = 1DF5F4DF0D08C38300B7A737 /* UIKit.framework */; };
		280E754D0DD40C5E005A515E /* FlipsideView.xib in Resources */ = {isa = PBXBuildFile; fileRef = 280E754A0DD40C5E005A515E /* FlipsideView.xib */; };
		280E754E0DD40C5E005A515E /* MainView.xib in Resources */ = {isa = PBXBuildFile; fileRef = 280E754B0DD40C5E005A515E /* MainView.xib */; };
		280E754F0DD40C5E005A515E /* MainWindow.xib in Resources */ = {isa = PBXBuildFile; fileRef = 280E754C0DD40C5E005A515E /* MainWindow.xib */; };
		28193033112F806B00ECF9B4 /* YPassword.xcdatamodeld in Sources */ = {isa = PBXBuildFile; fileRef = 28193032112F806B00ECF9B4 /* YPassword.xcdatamodeld */; };
		2880DEA310926BF800CC57B2 /* CoreData.framework in Frameworks */ = {isa = PBXBuildFile; fileRef = 2880DEA210926BF800CC57B2 /* CoreData.framework */; };
		288765590DF743DE002DB57D /* CoreGraphics.framework in Frameworks */ = {isa = PBXBuildFile; fileRef = 288765580DF743DE002DB57D /* CoreGraphics.framework */; };
		289233AE0DB2D0DB0083E9F9 /* MainViewController.m in Sources */ = {isa = PBXBuildFile; fileRef = 289233A90DB2D0DB0083E9F9 /* MainViewController.m */; };
		289233B00DB2D0DB0083E9F9 /* FlipsideViewController.m in Sources */ = {isa = PBXBuildFile; fileRef = 289233AD0DB2D0DB0083E9F9 /* FlipsideViewController.m */; };
		F80260E3124F2756007CE5A7 /* YShadowLabel.m in Sources */ = {isa = PBXBuildFile; fileRef = F80260E2124F2756007CE5A7 /* YShadowLabel.m */; };
		F8026220124F2BDA007CE5A7 /* mainBack.png in Resources */ = {isa = PBXBuildFile; fileRef = F802621F124F2BDA007CE5A7 /* mainBack.png */; };
		F8026222124F2C01007CE5A7 /* highlightedBox.png in Resources */ = {isa = PBXBuildFile; fileRef = F8026221124F2C01007CE5A7 /* highlightedBox.png */; };
		F80B37EC1274E23600818FAF /* reverb520_51.png in Resources */ = {isa = PBXBuildFile; fileRef = F80B37EB1274E23600818FAF /* reverb520_51.png */; };
		F80B37F01274E4C400818FAF /* blueHighlight.png in Resources */ = {isa = PBXBuildFile; fileRef = F80B37EF1274E4C400818FAF /* blueHighlight.png */; };
		F80B37F31274E61700818FAF /* whiteHighlight.png in Resources */ = {isa = PBXBuildFile; fileRef = F80B37F21274E61700818FAF /* whiteHighlight.png */; };
		F82C93F311EDAA0300F00BF4 /* DetailViewController.m in Sources */ = {isa = PBXBuildFile; fileRef = F82C93F111EDAA0300F00BF4 /* DetailViewController.m */; };
		F82C93F411EDAA0300F00BF4 /* DetailView.xib in Resources */ = {isa = PBXBuildFile; fileRef = F82C93F211EDAA0300F00BF4 /* DetailView.xib */; };
		F8420ADF11F8F3B5007979B0 /* WebsiteListView.xib in Resources */ = {isa = PBXBuildFile; fileRef = F8420ADE11F8F3B5007979B0 /* WebsiteListView.xib */; };
		F8420AEC11F8F8BB007979B0 /* WebsiteListViewController.m in Sources */ = {isa = PBXBuildFile; fileRef = F8420AEB11F8F8BB007979B0 /* WebsiteListViewController.m */; };
		F8420AEF11F8F8C6007979B0 /* WebsiteListNavigationController.m in Sources */ = {isa = PBXBuildFile; fileRef = F8420AED11F8F8C6007979B0 /* WebsiteListNavigationController.m */; };
		F8420AF211F8F8D0007979B0 /* WebsiteListTableViewController.m in Sources */ = {isa = PBXBuildFile; fileRef = F8420AF111F8F8D0007979B0 /* WebsiteListTableViewController.m */; };
		F842B9271278C1CB00120BFB /* detailBack.png in Resources */ = {isa = PBXBuildFile; fileRef = F842B9261278C1CB00120BFB /* detailBack.png */; };
		F856D86B124BD79B0039CC19 /* QuartzCore.framework in Frameworks */ = {isa = PBXBuildFile; fileRef = F856D86A124BD79B0039CC19 /* QuartzCore.framework */; };
		F856D87F124BDB160039CC19 /* YRoundedButton.m in Sources */ = {isa = PBXBuildFile; fileRef = F856D87E124BDB160039CC19 /* YRoundedButton.m */; };
		F8E488C51280BAD400798F0B /* square_button.png in Resources */ = {isa = PBXBuildFile; fileRef = F8E488C31280BAD400798F0B /* square_button.png */; };
		F8E488D31280BFD700798F0B /* button_1x3.png in Resources */ = {isa = PBXBuildFile; fileRef = F8E488D21280BFD700798F0B /* button_1x3.png */; };
		F8EB82AA11F31E8E0035424C /* Website.m in Sources */ = {isa = PBXBuildFile; fileRef = F8EB82A911F31E8E0035424C /* Website.m */; };
		F8EB831511F332910035424C /* background.png in Resources */ = {isa = PBXBuildFile; fileRef = F8EB831411F332910035424C /* background.png */; };
		F8EB831811F333BF0035424C /* backgroundClair.png in Resources */ = {isa = PBXBuildFile; fileRef = F8EB831711F333BF0035424C /* backgroundClair.png */; };
/* End PBXBuildFile section */

/* Begin PBXFileReference section */
		1D30AB110D05D00D00671497 /* Foundation.framework */ = {isa = PBXFileReference; lastKnownFileType = wrapper.framework; name = Foundation.framework; path = System/Library/Frameworks/Foundation.framework; sourceTree = SDKROOT; };
		1D3623240D0F684500981E51 /* YPasswordAppDelegate.h */ = {isa = PBXFileReference; fileEncoding = 4; lastKnownFileType = sourcecode.c.h; path = YPasswordAppDelegate.h; sourceTree = "<group>"; };
		1D3623250D0F684500981E51 /* YPasswordAppDelegate.m */ = {isa = PBXFileReference; fileEncoding = 4; lastKnownFileType = sourcecode.c.objc; path = YPasswordAppDelegate.m; sourceTree = "<group>"; };
		1D6058910D05DD3D006BFB54 /* YPassword.app */ = {isa = PBXFileReference; explicitFileType = wrapper.application; includeInIndex = 0; path = YPassword.app; sourceTree = BUILT_PRODUCTS_DIR; };
		1DF5F4DF0D08C38300B7A737 /* UIKit.framework */ = {isa = PBXFileReference; lastKnownFileType = wrapper.framework; name = UIKit.framework; path = System/Library/Frameworks/UIKit.framework; sourceTree = SDKROOT; };
		280E754A0DD40C5E005A515E /* FlipsideView.xib */ = {isa = PBXFileReference; lastKnownFileType = file.xib; path = FlipsideView.xib; sourceTree = "<group>"; };
		280E754B0DD40C5E005A515E /* MainView.xib */ = {isa = PBXFileReference; lastKnownFileType = file.xib; path = MainView.xib; sourceTree = "<group>"; };
		280E754C0DD40C5E005A515E /* MainWindow.xib */ = {isa = PBXFileReference; lastKnownFileType = file.xib; path = MainWindow.xib; sourceTree = "<group>"; };
		2880DEA010926BE500CC57B2 /* YPassword.xcdatamodel */ = {isa = PBXFileReference; fileEncoding = 4; lastKnownFileType = wrapper.xcdatamodel; path = YPassword.xcdatamodel; sourceTree = "<group>"; };
		2880DEA210926BF800CC57B2 /* CoreData.framework */ = {isa = PBXFileReference; lastKnownFileType = wrapper.framework; name = CoreData.framework; path = System/Library/Frameworks/CoreData.framework; sourceTree = SDKROOT; };
		288765580DF743DE002DB57D /* CoreGraphics.framework */ = {isa = PBXFileReference; lastKnownFileType = wrapper.framework; name = CoreGraphics.framework; path = System/Library/Frameworks/CoreGraphics.framework; sourceTree = SDKROOT; };
		289233A80DB2D0DB0083E9F9 /* MainViewController.h */ = {isa = PBXFileReference; fileEncoding = 4; lastKnownFileType = sourcecode.c.h; name = MainViewController.h; path = Classes/MainViewController.h; sourceTree = "<group>"; };
		289233A90DB2D0DB0083E9F9 /* MainViewController.m */ = {isa = PBXFileReference; fileEncoding = 4; lastKnownFileType = sourcecode.c.objc; name = MainViewController.m; path = Classes/MainViewController.m; sourceTree = "<group>"; };
		289233AC0DB2D0DB0083E9F9 /* FlipsideViewController.h */ = {isa = PBXFileReference; fileEncoding = 4; lastKnownFileType = sourcecode.c.h; name = FlipsideViewController.h; path = Classes/FlipsideViewController.h; sourceTree = "<group>"; };
		289233AD0DB2D0DB0083E9F9 /* FlipsideViewController.m */ = {isa = PBXFileReference; fileEncoding = 4; lastKnownFileType = sourcecode.c.objc; name = FlipsideViewController.m; path = Classes/FlipsideViewController.m; sourceTree = "<group>"; };
		29B97316FDCFA39411CA2CEA /* main.m */ = {isa = PBXFileReference; fileEncoding = 4; lastKnownFileType = sourcecode.c.objc; path = main.m; sourceTree = "<group>"; };
		32CA4F630368D1EE00C91783 /* YPassword_Prefix.pch */ = {isa = PBXFileReference; fileEncoding = 4; lastKnownFileType = sourcecode.c.h; path = YPassword_Prefix.pch; sourceTree = "<group>"; };
		8D1107310486CEB800E47090 /* YPassword-Info.plist */ = {isa = PBXFileReference; fileEncoding = 4; lastKnownFileType = text.plist.xml; path = "YPassword-Info.plist"; plistStructureDefinitionIdentifier = "com.apple.xcode.plist.structure-definition.iphone.info-plist"; sourceTree = "<group>"; };
		F80260E1124F2756007CE5A7 /* YShadowLabel.h */ = {isa = PBXFileReference; fileEncoding = 4; lastKnownFileType = sourcecode.c.h; path = YShadowLabel.h; sourceTree = "<group>"; };
		F80260E2124F2756007CE5A7 /* YShadowLabel.m */ = {isa = PBXFileReference; fileEncoding = 4; lastKnownFileType = sourcecode.c.objc; path = YShadowLabel.m; sourceTree = "<group>"; };
		F802621F124F2BDA007CE5A7 /* mainBack.png */ = {isa = PBXFileReference; lastKnownFileType = image.png; name = mainBack.png; path = resources/mainBack.png; sourceTree = "<group>"; };
		F8026221124F2C01007CE5A7 /* highlightedBox.png */ = {isa = PBXFileReference; lastKnownFileType = image.png; name = highlightedBox.png; path = resources/highlightedBox.png; sourceTree = "<group>"; };
		F80B37EB1274E23600818FAF /* reverb520_51.png */ = {isa = PBXFileReference; lastKnownFileType = image.png; name = reverb520_51.png; path = resources/reverb520_51.png; sourceTree = "<group>"; };
		F80B37EF1274E4C400818FAF /* blueHighlight.png */ = {isa = PBXFileReference; lastKnownFileType = image.png; name = blueHighlight.png; path = resources/blueHighlight.png; sourceTree = "<group>"; };
		F80B37F21274E61700818FAF /* whiteHighlight.png */ = {isa = PBXFileReference; lastKnownFileType = image.png; name = whiteHighlight.png; path = resources/whiteHighlight.png; sourceTree = "<group>"; };
		F82C93F011EDAA0300F00BF4 /* DetailViewController.h */ = {isa = PBXFileReference; fileEncoding = 4; lastKnownFileType = sourcecode.c.h; path = DetailViewController.h; sourceTree = "<group>"; };
		F82C93F111EDAA0300F00BF4 /* DetailViewController.m */ = {isa = PBXFileReference; fileEncoding = 4; lastKnownFileType = sourcecode.c.objc; path = DetailViewController.m; sourceTree = "<group>"; };
		F82C93F211EDAA0300F00BF4 /* DetailView.xib */ = {isa = PBXFileReference; lastKnownFileType = file.xib; path = DetailView.xib; sourceTree = "<group>"; };
		F8420ADE11F8F3B5007979B0 /* WebsiteListView.xib */ = {isa = PBXFileReference; lastKnownFileType = file.xib; path = WebsiteListView.xib; sourceTree = "<group>"; };
		F8420AEA11F8F8BB007979B0 /* WebsiteListViewController.h */ = {isa = PBXFileReference; fileEncoding = 4; lastKnownFileType = sourcecode.c.h; name = WebsiteListViewController.h; path = Classes/WebsiteListViewController.h; sourceTree = "<group>"; };
		F8420AEB11F8F8BB007979B0 /* WebsiteListViewController.m */ = {isa = PBXFileReference; fileEncoding = 4; lastKnownFileType = sourcecode.c.objc; name = WebsiteListViewController.m; path = Classes/WebsiteListViewController.m; sourceTree = "<group>"; };
		F8420AED11F8F8C6007979B0 /* WebsiteListNavigationController.m */ = {isa = PBXFileReference; fileEncoding = 4; lastKnownFileType = sourcecode.c.objc; name = WebsiteListNavigationController.m; path = Classes/WebsiteListNavigationController.m; sourceTree = "<group>"; };
		F8420AEE11F8F8C6007979B0 /* WebsiteListNavigationController.h */ = {isa = PBXFileReference; fileEncoding = 4; lastKnownFileType = sourcecode.c.h; name = WebsiteListNavigationController.h; path = Classes/WebsiteListNavigationController.h; sourceTree = "<group>"; };
		F8420AF011F8F8D0007979B0 /* WebsiteListTableViewController.h */ = {isa = PBXFileReference; fileEncoding = 4; lastKnownFileType = sourcecode.c.h; name = WebsiteListTableViewController.h; path = Classes/WebsiteListTableViewController.h; sourceTree = "<group>"; };
		F8420AF111F8F8D0007979B0 /* WebsiteListTableViewController.m */ = {isa = PBXFileReference; fileEncoding = 4; lastKnownFileType = sourcecode.c.objc; name = WebsiteListTableViewController.m; path = Classes/WebsiteListTableViewController.m; sourceTree = "<group>"; };
		F842B9261278C1CB00120BFB /* detailBack.png */ = {isa = PBXFileReference; lastKnownFileType = image.png; name = detailBack.png; path = resources/detailBack.png; sourceTree = "<group>"; };
		F856D86A124BD79B0039CC19 /* QuartzCore.framework */ = {isa = PBXFileReference; lastKnownFileType = wrapper.framework; name = QuartzCore.framework; path = System/Library/Frameworks/QuartzCore.framework; sourceTree = SDKROOT; };
		F856D87D124BDB160039CC19 /* YRoundedButton.h */ = {isa = PBXFileReference; fileEncoding = 4; lastKnownFileType = sourcecode.c.h; path = YRoundedButton.h; sourceTree = "<group>"; };
		F856D87E124BDB160039CC19 /* YRoundedButton.m */ = {isa = PBXFileReference; fileEncoding = 4; lastKnownFileType = sourcecode.c.objc; path = YRoundedButton.m; sourceTree = "<group>"; };
		F8E488C31280BAD400798F0B /* square_button.png */ = {isa = PBXFileReference; lastKnownFileType = image.png; name = square_button.png; path = resources/square_button.png; sourceTree = "<group>"; };
		F8E488D21280BFD700798F0B /* button_1x3.png */ = {isa = PBXFileReference; lastKnownFileType = image.png; name = button_1x3.png; path = resources/button_1x3.png; sourceTree = "<group>"; };
		F8EB82A811F31E8E0035424C /* Website.h */ = {isa = PBXFileReference; fileEncoding = 4; lastKnownFileType = sourcecode.c.h; name = Website.h; path = Classes/Website.h; sourceTree = "<group>"; };
		F8EB82A911F31E8E0035424C /* Website.m */ = {isa = PBXFileReference; fileEncoding = 4; lastKnownFileType = sourcecode.c.objc; name = Website.m; path = Classes/Website.m; sourceTree = "<group>"; };
		F8EB831411F332910035424C /* background.png */ = {isa = PBXFileReference; lastKnownFileType = image.png; name = background.png; path = resources/background.png; sourceTree = "<group>"; };
		F8EB831711F333BF0035424C /* backgroundClair.png */ = {isa = PBXFileReference; lastKnownFileType = image.png; name = backgroundClair.png; path = resources/backgroundClair.png; sourceTree = "<group>"; };
/* End PBXFileReference section */

/* Begin PBXFrameworksBuildPhase section */
		1D60588F0D05DD3D006BFB54 /* Frameworks */ = {
			isa = PBXFrameworksBuildPhase;
			buildActionMask = 2147483647;
			files = (
				1D60589F0D05DD5A006BFB54 /* Foundation.framework in Frameworks */,
				1DF5F4E00D08C38300B7A737 /* UIKit.framework in Frameworks */,
				288765590DF743DE002DB57D /* CoreGraphics.framework in Frameworks */,
				2880DEA310926BF800CC57B2 /* CoreData.framework in Frameworks */,
				F856D86B124BD79B0039CC19 /* QuartzCore.framework in Frameworks */,
			);
			runOnlyForDeploymentPostprocessing = 0;
		};
/* End PBXFrameworksBuildPhase section */

/* Begin PBXGroup section */
		080E96DDFE201D6D7F000001 /* Application Delegate */ = {
			isa = PBXGroup;
			children = (
				1D3623240D0F684500981E51 /* YPasswordAppDelegate.h */,
				1D3623250D0F684500981E51 /* YPasswordAppDelegate.m */,
			);
			name = "Application Delegate";
			path = Classes;
			sourceTree = "<group>";
		};
		19C28FACFE9D520D11CA2CBB /* Products */ = {
			isa = PBXGroup;
			children = (
				1D6058910D05DD3D006BFB54 /* YPassword.app */,
			);
			name = Products;
			sourceTree = "<group>";
		};
		281C6CD70DB2D82200F60ACC /* Flipside View */ = {
			isa = PBXGroup;
			children = (
				280E754A0DD40C5E005A515E /* FlipsideView.xib */,
				289233AC0DB2D0DB0083E9F9 /* FlipsideViewController.h */,
				289233AD0DB2D0DB0083E9F9 /* FlipsideViewController.m */,
			);
			name = "Flipside View";
			sourceTree = "<group>";
		};
		289233A00DB2D0730083E9F9 /* Main View */ = {
			isa = PBXGroup;
			children = (
				280E754B0DD40C5E005A515E /* MainView.xib */,
				289233A80DB2D0DB0083E9F9 /* MainViewController.h */,
				289233A90DB2D0DB0083E9F9 /* MainViewController.m */,
			);
			name = "Main View";
			sourceTree = "<group>";
		};
		29B97314FDCFA39411CA2CEA /* CustomTemplate */ = {
			isa = PBXGroup;
			children = (
				F8EB832E11F367AF0035424C /* Website List View */,
				F8EB82B411F31EAA0035424C /* Entities */,
				F82C93ED11EDA9CE00F00BF4 /* Detail View */,
				289233A00DB2D0730083E9F9 /* Main View */,
				281C6CD70DB2D82200F60ACC /* Flipside View */,
				080E96DDFE201D6D7F000001 /* Application Delegate */,
				29B97315FDCFA39411CA2CEA /* Other Sources */,
				29B97317FDCFA39411CA2CEA /* Resources */,
				29B97323FDCFA39411CA2CEA /* Frameworks */,
				19C28FACFE9D520D11CA2CBB /* Products */,
				F856D86A124BD79B0039CC19 /* QuartzCore.framework */,
			);
			name = CustomTemplate;
			sourceTree = "<group>";
		};
		29B97315FDCFA39411CA2CEA /* Other Sources */ = {
			isa = PBXGroup;
			children = (
				32CA4F630368D1EE00C91783 /* YPassword_Prefix.pch */,
				29B97316FDCFA39411CA2CEA /* main.m */,
				F856D87D124BDB160039CC19 /* YRoundedButton.h */,
				F856D87E124BDB160039CC19 /* YRoundedButton.m */,
				F80260E1124F2756007CE5A7 /* YShadowLabel.h */,
				F80260E2124F2756007CE5A7 /* YShadowLabel.m */,
			);
			name = "Other Sources";
			sourceTree = "<group>";
		};
		29B97317FDCFA39411CA2CEA /* Resources */ = {
			isa = PBXGroup;
			children = (
				F8EB834611F37BF40035424C /* images */,
				280E754C0DD40C5E005A515E /* MainWindow.xib */,
				28193032112F806B00ECF9B4 /* YPassword.xcdatamodeld */,
				8D1107310486CEB800E47090 /* YPassword-Info.plist */,
			);
			name = Resources;
			sourceTree = "<group>";
		};
		29B97323FDCFA39411CA2CEA /* Frameworks */ = {
			isa = PBXGroup;
			children = (
				1DF5F4DF0D08C38300B7A737 /* UIKit.framework */,
				1D30AB110D05D00D00671497 /* Foundation.framework */,
				288765580DF743DE002DB57D /* CoreGraphics.framework */,
				2880DEA210926BF800CC57B2 /* CoreData.framework */,
			);
			name = Frameworks;
			sourceTree = "<group>";
		};
		F82C93ED11EDA9CE00F00BF4 /* Detail View */ = {
			isa = PBXGroup;
			children = (
				F82C93F211EDAA0300F00BF4 /* DetailView.xib */,
				F82C93F011EDAA0300F00BF4 /* DetailViewController.h */,
				F82C93F111EDAA0300F00BF4 /* DetailViewController.m */,
			);
			name = "Detail View";
			sourceTree = "<group>";
		};
		F8EB82B411F31EAA0035424C /* Entities */ = {
			isa = PBXGroup;
			children = (
				F8EB82A811F31E8E0035424C /* Website.h */,
				F8EB82A911F31E8E0035424C /* Website.m */,
			);
			name = Entities;
			sourceTree = "<group>";
		};
		F8EB832E11F367AF0035424C /* Website List View */ = {
			isa = PBXGroup;
			children = (
				F8420ADE11F8F3B5007979B0 /* WebsiteListView.xib */,
				F8420AEA11F8F8BB007979B0 /* WebsiteListViewController.h */,
				F8420AEB11F8F8BB007979B0 /* WebsiteListViewController.m */,
				F8420AEE11F8F8C6007979B0 /* WebsiteListNavigationController.h */,
				F8420AED11F8F8C6007979B0 /* WebsiteListNavigationController.m */,
				F8420AF011F8F8D0007979B0 /* WebsiteListTableViewController.h */,
				F8420AF111F8F8D0007979B0 /* WebsiteListTableViewController.m */,
			);
			name = "Website List View";
			sourceTree = "<group>";
		};
		F8EB834611F37BF40035424C /* images */ = {
			isa = PBXGroup;
			children = (
				F8E488D21280BFD700798F0B /* button_1x3.png */,
				F8E488C31280BAD400798F0B /* square_button.png */,
				F842B9261278C1CB00120BFB /* detailBack.png */,
				F80B37F21274E61700818FAF /* whiteHighlight.png */,
				F80B37EF1274E4C400818FAF /* blueHighlight.png */,
				F80B37EB1274E23600818FAF /* reverb520_51.png */,
				F802621F124F2BDA007CE5A7 /* mainBack.png */,
				F8026221124F2C01007CE5A7 /* highlightedBox.png */,
				F8EB831411F332910035424C /* background.png */,
				F8EB831711F333BF0035424C /* backgroundClair.png */,
			);
			name = images;
			sourceTree = "<group>";
		};
/* End PBXGroup section */

/* Begin PBXNativeTarget section */
		1D6058900D05DD3D006BFB54 /* YPassword */ = {
			isa = PBXNativeTarget;
			buildConfigurationList = 1D6058960D05DD3E006BFB54 /* Build configuration list for PBXNativeTarget "YPassword" */;
			buildPhases = (
				1D60588D0D05DD3D006BFB54 /* Resources */,
				1D60588E0D05DD3D006BFB54 /* Sources */,
				1D60588F0D05DD3D006BFB54 /* Frameworks */,
			);
			buildRules = (
			);
			dependencies = (
			);
			name = YPassword;
			productName = YPassword;
			productReference = 1D6058910D05DD3D006BFB54 /* YPassword.app */;
			productType = "com.apple.product-type.application";
		};
/* End PBXNativeTarget section */

/* Begin PBXProject section */
		29B97313FDCFA39411CA2CEA /* Project object */ = {
			isa = PBXProject;
			attributes = {
				ORGANIZATIONNAME = yannesposito;
			};
			buildConfigurationList = C01FCF4E08A954540054247B /* Build configuration list for PBXProject "YPassword" */;
			compatibilityVersion = "Xcode 3.2";
			hasScannedForEncodings = 1;
			knownRegions = (
				English,
				Japanese,
				French,
				German,
				en,
			);
			mainGroup = 29B97314FDCFA39411CA2CEA /* CustomTemplate */;
			projectDirPath = "";
			projectRoot = "";
			targets = (
				1D6058900D05DD3D006BFB54 /* YPassword */,
			);
		};
/* End PBXProject section */

/* Begin PBXResourcesBuildPhase section */
		1D60588D0D05DD3D006BFB54 /* Resources */ = {
			isa = PBXResourcesBuildPhase;
			buildActionMask = 2147483647;
			files = (
				280E754D0DD40C5E005A515E /* FlipsideView.xib in Resources */,
				280E754E0DD40C5E005A515E /* MainView.xib in Resources */,
				280E754F0DD40C5E005A515E /* MainWindow.xib in Resources */,
				F82C93F411EDAA0300F00BF4 /* DetailView.xib in Resources */,
				F8EB831511F332910035424C /* background.png in Resources */,
				F8EB831811F333BF0035424C /* backgroundClair.png in Resources */,
				F8420ADF11F8F3B5007979B0 /* WebsiteListView.xib in Resources */,
				F8026220124F2BDA007CE5A7 /* mainBack.png in Resources */,
				F8026222124F2C01007CE5A7 /* highlightedBox.png in Resources */,
				F80B37EC1274E23600818FAF /* reverb520_51.png in Resources */,
				F80B37F01274E4C400818FAF /* blueHighlight.png in Resources */,
				F80B37F31274E61700818FAF /* whiteHighlight.png in Resources */,
				F842B9271278C1CB00120BFB /* detailBack.png in Resources */,
				F8E488C51280BAD400798F0B /* square_button.png in Resources */,
				F8E488D31280BFD700798F0B /* button_1x3.png in Resources */,
			);
			runOnlyForDeploymentPostprocessing = 0;
		};
/* End PBXResourcesBuildPhase section */

/* Begin PBXSourcesBuildPhase section */
		1D60588E0D05DD3D006BFB54 /* Sources */ = {
			isa = PBXSourcesBuildPhase;
			buildActionMask = 2147483647;
			files = (
				1D60589B0D05DD56006BFB54 /* main.m in Sources */,
				1D3623260D0F684500981E51 /* YPasswordAppDelegate.m in Sources */,
				289233AE0DB2D0DB0083E9F9 /* MainViewController.m in Sources */,
				289233B00DB2D0DB0083E9F9 /* FlipsideViewController.m in Sources */,
				28193033112F806B00ECF9B4 /* YPassword.xcdatamodeld in Sources */,
				F82C93F311EDAA0300F00BF4 /* DetailViewController.m in Sources */,
				F8EB82AA11F31E8E0035424C /* Website.m in Sources */,
				F8420AEC11F8F8BB007979B0 /* WebsiteListViewController.m in Sources */,
				F8420AEF11F8F8C6007979B0 /* WebsiteListNavigationController.m in Sources */,
				F8420AF211F8F8D0007979B0 /* WebsiteListTableViewController.m in Sources */,
				F856D87F124BDB160039CC19 /* YRoundedButton.m in Sources */,
				F80260E3124F2756007CE5A7 /* YShadowLabel.m in Sources */,
			);
			runOnlyForDeploymentPostprocessing = 0;
		};
/* End PBXSourcesBuildPhase section */

/* Begin XCBuildConfiguration section */
		1D6058940D05DD3E006BFB54 /* Debug */ = {
			isa = XCBuildConfiguration;
			buildSettings = {
				ALWAYS_SEARCH_USER_PATHS = NO;
				COPY_PHASE_STRIP = NO;
				GCC_DYNAMIC_NO_PIC = NO;
				GCC_OPTIMIZATION_LEVEL = 0;
				GCC_PRECOMPILE_PREFIX_HEADER = YES;
				GCC_PREFIX_HEADER = YPassword_Prefix.pch;
				INFOPLIST_FILE = "YPassword-Info.plist";
				PRODUCT_NAME = YPassword;
			};
			name = Debug;
		};
		1D6058950D05DD3E006BFB54 /* Release */ = {
			isa = XCBuildConfiguration;
			buildSettings = {
				ALWAYS_SEARCH_USER_PATHS = NO;
				COPY_PHASE_STRIP = YES;
				GCC_PRECOMPILE_PREFIX_HEADER = YES;
				GCC_PREFIX_HEADER = YPassword_Prefix.pch;
				INFOPLIST_FILE = "YPassword-Info.plist";
				PRODUCT_NAME = YPassword;
				VALIDATE_PRODUCT = YES;
			};
			name = Release;
		};
		C01FCF4F08A954540054247B /* Debug */ = {
			isa = XCBuildConfiguration;
			buildSettings = {
				ARCHS = "$(ARCHS_STANDARD_32_BIT)";
				"CODE_SIGN_IDENTITY[sdk=iphoneos*]" = "iPhone Developer";
				GCC_C_LANGUAGE_STANDARD = c99;
				GCC_WARN_ABOUT_RETURN_TYPE = YES;
				GCC_WARN_UNUSED_VARIABLE = YES;
				PREBINDING = NO;
				SDKROOT = iphoneos4.0;
			};
			name = Debug;
		};
		C01FCF5008A954540054247B /* Release */ = {
			isa = XCBuildConfiguration;
			buildSettings = {
				ARCHS = "$(ARCHS_STANDARD_32_BIT)";
				"CODE_SIGN_IDENTITY[sdk=iphoneos*]" = "iPhone Developer";
				GCC_C_LANGUAGE_STANDARD = c99;
				GCC_WARN_ABOUT_RETURN_TYPE = YES;
				GCC_WARN_UNUSED_VARIABLE = YES;
				OTHER_CFLAGS = "-DNS_BLOCK_ASSERTIONS=1";
				PREBINDING = NO;
				SDKROOT = iphoneos4.0;
			};
			name = Release;
		};
/* End XCBuildConfiguration section */

/* Begin XCConfigurationList section */
		1D6058960D05DD3E006BFB54 /* Build configuration list for PBXNativeTarget "YPassword" */ = {
			isa = XCConfigurationList;
			buildConfigurations = (
				1D6058940D05DD3E006BFB54 /* Debug */,
				1D6058950D05DD3E006BFB54 /* Release */,
			);
			defaultConfigurationIsVisible = 0;
			defaultConfigurationName = Release;
		};
		C01FCF4E08A954540054247B /* Build configuration list for PBXProject "YPassword" */ = {
			isa = XCConfigurationList;
			buildConfigurations = (
				C01FCF4F08A954540054247B /* Debug */,
				C01FCF5008A954540054247B /* Release */,
			);
			defaultConfigurationIsVisible = 0;
			defaultConfigurationName = Release;
		};
/* End XCConfigurationList section */

/* Begin XCVersionGroup section */
		28193032112F806B00ECF9B4 /* YPassword.xcdatamodeld */ = {
			isa = XCVersionGroup;
			children = (
				2880DEA010926BE500CC57B2 /* YPassword.xcdatamodel */,
			);
			currentVersion = 2880DEA010926BE500CC57B2 /* YPassword.xcdatamodel */;
			path = YPassword.xcdatamodeld;
			sourceTree = "<group>";
			versionGroupType = wrapper.xcdatamodel;
		};
/* End XCVersionGroup section */
	};
	rootObject = 29B97313FDCFA39411CA2CEA /* Project object */;
}
